
Microsoft Visual Studio Solution File, Format Version 12.00
Project("{FAE04EC0-301F-11D3-BF4B-00C04F79EFBC}") = "TextGame", "TextGame\TextGame.csproj", "{AD596C2F-3F6A-4370-87A0-64EE6DF2A500}"
EndProject
Project("{FAE04EC0-301F-11D3-BF4B-00C04F79EFBC}") = "OOP", "OOP\OOP.csproj", "{2BAAE7A3-C01B-4229-BDF7-66CDE22CEC5A}"
EndProject
Project("{FAE04EC0-301F-11D3-BF4B-00C04F79EFBC}") = "Part2_Algorithm", "Part2_Algorithm\Part2_Algorithm.csproj", "{524B6885-D2D3-4BD6-B0CD-5F108E317C97}"
EndProject
Global
	GlobalSection(SolutionConfigurationPlatforms) = preSolution
		Debug|Any CPU = Debug|Any CPU
		Release|Any CPU = Release|Any CPU
	EndGlobalSection
	GlobalSection(ProjectConfigurationPlatforms) = postSolution
		{AD596C2F-3F6A-4370-87A0-64EE6DF2A500}.Debug|Any CPU.ActiveCfg = Debug|Any CPU
		{AD596C2F-3F6A-4370-87A0-64EE6DF2A500}.Debug|Any CPU.Build.0 = Debug|Any CPU
		{AD596C2F-3F6A-4370-87A0-64EE6DF2A500}.Release|Any CPU.ActiveCfg = Release|Any CPU
		{AD596C2F-3F6A-4370-87A0-64EE6DF2A500}.Release|Any CPU.Build.0 = Release|Any CPU
		{2BAAE7A3-C01B-4229-BDF7-66CDE22CEC5A}.Debug|Any CPU.ActiveCfg = Debug|Any CPU
		{2BAAE7A3-C01B-4229-BDF7-66CDE22CEC5A}.Debug|Any CPU.Build.0 = Debug|Any CPU
		{2BAAE7A3-C01B-4229-BDF7-66CDE22CEC5A}.Release|Any CPU.ActiveCfg = Release|Any CPU
		{2BAAE7A3-C01B-4229-BDF7-66CDE22CEC5A}.Release|Any CPU.Build.0 = Release|Any CPU
		{524B6885-D2D3-4BD6-B0CD-5F108E317C97}.Debug|Any CPU.ActiveCfg = Debug|Any CPU
		{524B6885-D2D3-4BD6-B0CD-5F108E317C97}.Debug|Any CPU.Build.0 = Debug|Any CPU
		{524B6885-D2D3-4BD6-B0CD-5F108E317C97}.Release|Any CPU.ActiveCfg = Release|Any CPU
		{524B6885-D2D3-4BD6-B0CD-5F108E317C97}.Release|Any CPU.Build.0 = Release|Any CPU
	EndGlobalSection
EndGlobal
